
Microsoft Visual Studio Solution File, Format Version 12.00
# Visual Studio Version 17
VisualStudioVersion = 17.10.35013.160
MinimumVisualStudioVersion = 10.0.40219.1
Project("{FAE04EC0-301F-11D3-BF4B-00C04F79EFBC}") = "ProjectoOficina", "ProjectoOficina\ProjectoOficina.csproj", "{BB98AAD5-2FF3-4E41-A28A-1F1277FD523A}"
EndProject
Global
	GlobalSection(SolutionConfigurationPlatforms) = preSolution
		Debug|Any CPU = Debug|Any CPU
		Release|Any CPU = Release|Any CPU
	EndGlobalSection
	GlobalSection(ProjectConfigurationPlatforms) = postSolution
		{BB98AAD5-2FF3-4E41-A28A-1F1277FD523A}.Debug|Any CPU.ActiveCfg = Debug|Any CPU
		{BB98AAD5-2FF3-4E41-A28A-1F1277FD523A}.Debug|Any CPU.Build.0 = Debug|Any CPU
		{BB98AAD5-2FF3-4E41-A28A-1F1277FD523A}.Release|Any CPU.ActiveCfg = Release|Any CPU
		{BB98AAD5-2FF3-4E41-A28A-1F1277FD523A}.Release|Any CPU.Build.0 = Release|Any CPU
	EndGlobalSection
	GlobalSection(SolutionProperties) = preSolution
		HideSolutionNode = FALSE
	EndGlobalSection
	GlobalSection(ExtensibilityGlobals) = postSolution
		SolutionGuid = {16286290-C04F-4313-BBF2-D24CC7093848}
	EndGlobalSection
EndGlobal
